
Microsoft Visual Studio Solution File, Format Version 12.00
# Visual Studio Version 17
VisualStudioVersion = 17.1.32328.378
MinimumVisualStudioVersion = 10.0.40219.1
Project("{FAE04EC0-301F-11D3-BF4B-00C04F79EFBC}") = "WebAPI", "WebAPI\WebAPI.csproj", "{F5C83F67-5FC4-458F-BDC7-44E970FC7F83}"
EndProject
Project("{FAE04EC0-301F-11D3-BF4B-00C04F79EFBC}") = "WebUI", "WebUI\WebUI.csproj", "{9448D7A8-3ABC-4CCA-8865-BF51BCC6F7CD}"
EndProject
Project("{2150E333-8FDC-42A3-9474-1A3956D46DE8}") = "UI", "UI", "{89A059EF-B6CA-4051-9953-116D6E368129}"
EndProject
Project("{2150E333-8FDC-42A3-9474-1A3956D46DE8}") = "API", "API", "{E517219C-6992-4ACF-82AC-6322CE81416F}"
EndProject
Project("{2150E333-8FDC-42A3-9474-1A3956D46DE8}") = "LOGIC", "LOGIC", "{3FB09C0D-4E53-4237-A5E2-FC8E34AD2ABC}"
EndProject
Project("{2150E333-8FDC-42A3-9474-1A3956D46DE8}") = "TESTING", "TESTING", "{19509825-D592-4A29-BE97-DA693C7A92BF}"
EndProject
Project("{FAE04EC0-301F-11D3-BF4B-00C04F79EFBC}") = "AppLogic", "AppLogic\AppLogic.csproj", "{517A58BC-37F1-4791-A055-31E6A936AF6F}"
EndProject
Project("{FAE04EC0-301F-11D3-BF4B-00C04F79EFBC}") = "DataAccess", "DataAccess\DataAccess.csproj", "{E962DDC6-0905-468A-9DB4-556D951F274A}"
EndProject
Project("{FAE04EC0-301F-11D3-BF4B-00C04F79EFBC}") = "DTO_POJOS", "DTO_POJOS\DTO_POJOS.csproj", "{3B195D1E-610E-4F56-8CA2-DF153B097283}"
EndProject
Project("{FAE04EC0-301F-11D3-BF4B-00C04F79EFBC}") = "z.Sanbox-text", "z.Sanbox-text\z.Sanbox-text.csproj", "{F2364B85-EC2F-4A58-8313-71F79743FE97}"
EndProject
Global
	GlobalSection(SolutionConfigurationPlatforms) = preSolution
		Debug|Any CPU = Debug|Any CPU
		Release|Any CPU = Release|Any CPU
	EndGlobalSection
	GlobalSection(ProjectConfigurationPlatforms) = postSolution
		{F5C83F67-5FC4-458F-BDC7-44E970FC7F83}.Debug|Any CPU.ActiveCfg = Debug|Any CPU
		{F5C83F67-5FC4-458F-BDC7-44E970FC7F83}.Debug|Any CPU.Build.0 = Debug|Any CPU
		{F5C83F67-5FC4-458F-BDC7-44E970FC7F83}.Release|Any CPU.ActiveCfg = Release|Any CPU
		{F5C83F67-5FC4-458F-BDC7-44E970FC7F83}.Release|Any CPU.Build.0 = Release|Any CPU
		{9448D7A8-3ABC-4CCA-8865-BF51BCC6F7CD}.Debug|Any CPU.ActiveCfg = Debug|Any CPU
		{9448D7A8-3ABC-4CCA-8865-BF51BCC6F7CD}.Debug|Any CPU.Build.0 = Debug|Any CPU
		{9448D7A8-3ABC-4CCA-8865-BF51BCC6F7CD}.Release|Any CPU.ActiveCfg = Release|Any CPU
		{9448D7A8-3ABC-4CCA-8865-BF51BCC6F7CD}.Release|Any CPU.Build.0 = Release|Any CPU
		{517A58BC-37F1-4791-A055-31E6A936AF6F}.Debug|Any CPU.ActiveCfg = Debug|Any CPU
		{517A58BC-37F1-4791-A055-31E6A936AF6F}.Debug|Any CPU.Build.0 = Debug|Any CPU
		{517A58BC-37F1-4791-A055-31E6A936AF6F}.Release|Any CPU.ActiveCfg = Release|Any CPU
		{517A58BC-37F1-4791-A055-31E6A936AF6F}.Release|Any CPU.Build.0 = Release|Any CPU
		{E962DDC6-0905-468A-9DB4-556D951F274A}.Debug|Any CPU.ActiveCfg = Debug|Any CPU
		{E962DDC6-0905-468A-9DB4-556D951F274A}.Debug|Any CPU.Build.0 = Debug|Any CPU
		{E962DDC6-0905-468A-9DB4-556D951F274A}.Release|Any CPU.ActiveCfg = Release|Any CPU
		{E962DDC6-0905-468A-9DB4-556D951F274A}.Release|Any CPU.Build.0 = Release|Any CPU
		{3B195D1E-610E-4F56-8CA2-DF153B097283}.Debug|Any CPU.ActiveCfg = Debug|Any CPU
		{3B195D1E-610E-4F56-8CA2-DF153B097283}.Debug|Any CPU.Build.0 = Debug|Any CPU
		{3B195D1E-610E-4F56-8CA2-DF153B097283}.Release|Any CPU.ActiveCfg = Release|Any CPU
		{3B195D1E-610E-4F56-8CA2-DF153B097283}.Release|Any CPU.Build.0 = Release|Any CPU
		{F2364B85-EC2F-4A58-8313-71F79743FE97}.Debug|Any CPU.ActiveCfg = Debug|Any CPU
		{F2364B85-EC2F-4A58-8313-71F79743FE97}.Debug|Any CPU.Build.0 = Debug|Any CPU
		{F2364B85-EC2F-4A58-8313-71F79743FE97}.Release|Any CPU.ActiveCfg = Release|Any CPU
		{F2364B85-EC2F-4A58-8313-71F79743FE97}.Release|Any CPU.Build.0 = Release|Any CPU
	EndGlobalSection
	GlobalSection(SolutionProperties) = preSolution
		HideSolutionNode = FALSE
	EndGlobalSection
	GlobalSection(NestedProjects) = preSolution
		{F5C83F67-5FC4-458F-BDC7-44E970FC7F83} = {E517219C-6992-4ACF-82AC-6322CE81416F}
		{9448D7A8-3ABC-4CCA-8865-BF51BCC6F7CD} = {89A059EF-B6CA-4051-9953-116D6E368129}
		{517A58BC-37F1-4791-A055-31E6A936AF6F} = {3FB09C0D-4E53-4237-A5E2-FC8E34AD2ABC}
		{E962DDC6-0905-468A-9DB4-556D951F274A} = {3FB09C0D-4E53-4237-A5E2-FC8E34AD2ABC}
		{3B195D1E-610E-4F56-8CA2-DF153B097283} = {3FB09C0D-4E53-4237-A5E2-FC8E34AD2ABC}
		{F2364B85-EC2F-4A58-8313-71F79743FE97} = {19509825-D592-4A29-BE97-DA693C7A92BF}
	EndGlobalSection
	GlobalSection(ExtensibilityGlobals) = postSolution
		SolutionGuid = {569225D1-CD9B-4473-A1CD-5F4F73F69471}
	EndGlobalSection
EndGlobal
